
Microsoft Visual Studio Solution File, Format Version 11.00
# Visual Studio 2010
Project("{FAE04EC0-301F-11D3-BF4B-00C04F79EFBC}") = "REPL", "REPL\REPL.csproj", "{8D193FB8-D8A3-4D5C-9C07-87611FD9E16B}"
EndProject
Project("{FAE04EC0-301F-11D3-BF4B-00C04F79EFBC}") = "Unit Tests", "Unit Tests\Unit Tests.csproj", "{B0D0F980-2741-4D85-9D82-7F09ED470EB1}"
EndProject
Project("{FAE04EC0-301F-11D3-BF4B-00C04F79EFBC}") = "Jurassic", "Jurassic\Jurassic.csproj", "{2CE5502D-8710-4BE3-9D90-201D526904B3}"
EndProject
Project("{2150E333-8FDC-42A3-9474-1A3956D46DE8}") = "Solution Items", "Solution Items", "{3C73BC26-5032-48A5-B32E-01639B5A4D5E}"
	ProjectSection(SolutionItems) = preProject
		Documentation\E262-3.doc = Documentation\E262-3.doc
		Documentation\ECMA-262 (ECMAScript 5).pdf = Documentation\ECMA-262 (ECMAScript 5).pdf
		Documentation\ECMA-335 (CLI).pdf = Documentation\ECMA-335 (CLI).pdf
		Documentation\ES5 Errata 7-1-10.pdf = Documentation\ES5 Errata 7-1-10.pdf
	EndProjectSection
EndProject
Project("{FAE04EC0-301F-11D3-BF4B-00C04F79EFBC}") = "Performance", "Performance\Performance.csproj", "{C0B52B91-21C0-4669-9B2E-F33838BD7F65}"
EndProject
Project("{FAE04EC0-301F-11D3-BF4B-00C04F79EFBC}") = "Sputnik", "Sputnik\Sputnik.csproj", "{5F1F9129-FA3E-47A8-99C5-1FC2BC70F64D}"
EndProject
Global
	GlobalSection(TeamFoundationVersionControl) = preSolution
		SccNumberOfProjects = 6
		SccEnterpriseProvider = {4CA58AB2-18FA-4F8D-95D4-32DDF27D184C}
		SccTeamFoundationServer = https://tfs.codeplex.com/tfs/tfs01
		SccLocalPath0 = .
		SccProjectUniqueName1 = REPL\\REPL.csproj
		SccProjectName1 = REPL
		SccLocalPath1 = REPL
		SccProjectUniqueName2 = Unit\u0020Tests\\Unit\u0020Tests.csproj
		SccProjectName2 = Unit\u0020Tests
		SccLocalPath2 = Unit\u0020Tests
		SccProjectUniqueName3 = Jurassic\\Jurassic.csproj
		SccProjectName3 = Jurassic
		SccLocalPath3 = Jurassic
		SccProjectUniqueName4 = Performance\\Performance.csproj
		SccProjectName4 = Performance
		SccLocalPath4 = Performance
		SccProjectUniqueName5 = Sputnik\\Sputnik.csproj
		SccProjectName5 = Sputnik
		SccLocalPath5 = Sputnik
	EndGlobalSection
	GlobalSection(SolutionConfigurationPlatforms) = preSolution
		Debug|Any CPU = Debug|Any CPU
		Debug|Mixed Platforms = Debug|Mixed Platforms
		Debug|x64 = Debug|x64
		Debug|x86 = Debug|x86
		Release|Any CPU = Release|Any CPU
		Release|Mixed Platforms = Release|Mixed Platforms
		Release|x64 = Release|x64
		Release|x86 = Release|x86
	EndGlobalSection
	GlobalSection(ProjectConfigurationPlatforms) = postSolution
		{8D193FB8-D8A3-4D5C-9C07-87611FD9E16B}.Debug|Any CPU.ActiveCfg = Debug|Any CPU
		{8D193FB8-D8A3-4D5C-9C07-87611FD9E16B}.Debug|Any CPU.Build.0 = Debug|Any CPU
		{8D193FB8-D8A3-4D5C-9C07-87611FD9E16B}.Debug|Mixed Platforms.ActiveCfg = Debug|Any CPU
		{8D193FB8-D8A3-4D5C-9C07-87611FD9E16B}.Debug|Mixed Platforms.Build.0 = Debug|Any CPU
		{8D193FB8-D8A3-4D5C-9C07-87611FD9E16B}.Debug|x64.ActiveCfg = Debug|Any CPU
		{8D193FB8-D8A3-4D5C-9C07-87611FD9E16B}.Debug|x86.ActiveCfg = Debug|Any CPU
		{8D193FB8-D8A3-4D5C-9C07-87611FD9E16B}.Release|Any CPU.ActiveCfg = Release|Any CPU
		{8D193FB8-D8A3-4D5C-9C07-87611FD9E16B}.Release|Any CPU.Build.0 = Release|Any CPU
		{8D193FB8-D8A3-4D5C-9C07-87611FD9E16B}.Release|Mixed Platforms.ActiveCfg = Release|Any CPU
		{8D193FB8-D8A3-4D5C-9C07-87611FD9E16B}.Release|Mixed Platforms.Build.0 = Release|Any CPU
		{8D193FB8-D8A3-4D5C-9C07-87611FD9E16B}.Release|x64.ActiveCfg = Release|Any CPU
		{8D193FB8-D8A3-4D5C-9C07-87611FD9E16B}.Release|x86.ActiveCfg = Release|Any CPU
		{B0D0F980-2741-4D85-9D82-7F09ED470EB1}.Debug|Any CPU.ActiveCfg = Debug|Any CPU
		{B0D0F980-2741-4D85-9D82-7F09ED470EB1}.Debug|Any CPU.Build.0 = Debug|Any CPU
		{B0D0F980-2741-4D85-9D82-7F09ED470EB1}.Debug|Mixed Platforms.ActiveCfg = Debug|Any CPU
		{B0D0F980-2741-4D85-9D82-7F09ED470EB1}.Debug|Mixed Platforms.Build.0 = Debug|Any CPU
		{B0D0F980-2741-4D85-9D82-7F09ED470EB1}.Debug|x64.ActiveCfg = Debug|Any CPU
		{B0D0F980-2741-4D85-9D82-7F09ED470EB1}.Debug|x86.ActiveCfg = Debug|Any CPU
		{B0D0F980-2741-4D85-9D82-7F09ED470EB1}.Release|Any CPU.ActiveCfg = Release|Any CPU
		{B0D0F980-2741-4D85-9D82-7F09ED470EB1}.Release|Any CPU.Build.0 = Release|Any CPU
		{B0D0F980-2741-4D85-9D82-7F09ED470EB1}.Release|Mixed Platforms.ActiveCfg = Release|Any CPU
		{B0D0F980-2741-4D85-9D82-7F09ED470EB1}.Release|Mixed Platforms.Build.0 = Release|Any CPU
		{B0D0F980-2741-4D85-9D82-7F09ED470EB1}.Release|x64.ActiveCfg = Release|Any CPU
		{B0D0F980-2741-4D85-9D82-7F09ED470EB1}.Release|x86.ActiveCfg = Release|Any CPU
		{2CE5502D-8710-4BE3-9D90-201D526904B3}.Debug|Any CPU.ActiveCfg = Debug|Any CPU
		{2CE5502D-8710-4BE3-9D90-201D526904B3}.Debug|Any CPU.Build.0 = Debug|Any CPU
		{2CE5502D-8710-4BE3-9D90-201D526904B3}.Debug|Mixed Platforms.ActiveCfg = Debug|Any CPU
		{2CE5502D-8710-4BE3-9D90-201D526904B3}.Debug|Mixed Platforms.Build.0 = Debug|Any CPU
		{2CE5502D-8710-4BE3-9D90-201D526904B3}.Debug|x64.ActiveCfg = Debug|Any CPU
		{2CE5502D-8710-4BE3-9D90-201D526904B3}.Debug|x86.ActiveCfg = Debug|Any CPU
		{2CE5502D-8710-4BE3-9D90-201D526904B3}.Release|Any CPU.ActiveCfg = Release|Any CPU
		{2CE5502D-8710-4BE3-9D90-201D526904B3}.Release|Any CPU.Build.0 = Release|Any CPU
		{2CE5502D-8710-4BE3-9D90-201D526904B3}.Release|Mixed Platforms.ActiveCfg = Release|Any CPU
		{2CE5502D-8710-4BE3-9D90-201D526904B3}.Release|Mixed Platforms.Build.0 = Release|Any CPU
		{2CE5502D-8710-4BE3-9D90-201D526904B3}.Release|x64.ActiveCfg = Release|Any CPU
		{2CE5502D-8710-4BE3-9D90-201D526904B3}.Release|x86.ActiveCfg = Release|Any CPU
		{C0B52B91-21C0-4669-9B2E-F33838BD7F65}.Debug|Any CPU.ActiveCfg = Debug|Any CPU
		{C0B52B91-21C0-4669-9B2E-F33838BD7F65}.Debug|Any CPU.Build.0 = Debug|Any CPU
		{C0B52B91-21C0-4669-9B2E-F33838BD7F65}.Debug|Mixed Platforms.ActiveCfg = Debug|Any CPU
		{C0B52B91-21C0-4669-9B2E-F33838BD7F65}.Debug|Mixed Platforms.Build.0 = Debug|Any CPU
		{C0B52B91-21C0-4669-9B2E-F33838BD7F65}.Debug|x64.ActiveCfg = Debug|Any CPU
		{C0B52B91-21C0-4669-9B2E-F33838BD7F65}.Debug|x86.ActiveCfg = Debug|Any CPU
		{C0B52B91-21C0-4669-9B2E-F33838BD7F65}.Release|Any CPU.ActiveCfg = Release|Any CPU
		{C0B52B91-21C0-4669-9B2E-F33838BD7F65}.Release|Any CPU.Build.0 = Release|Any CPU
		{C0B52B91-21C0-4669-9B2E-F33838BD7F65}.Release|Mixed Platforms.ActiveCfg = Release|Any CPU
		{C0B52B91-21C0-4669-9B2E-F33838BD7F65}.Release|Mixed Platforms.Build.0 = Release|Any CPU
		{C0B52B91-21C0-4669-9B2E-F33838BD7F65}.Release|x64.ActiveCfg = Release|Any CPU
		{C0B52B91-21C0-4669-9B2E-F33838BD7F65}.Release|x86.ActiveCfg = Release|Any CPU
		{5F1F9129-FA3E-47A8-99C5-1FC2BC70F64D}.Debug|Any CPU.ActiveCfg = Debug|x86
		{5F1F9129-FA3E-47A8-99C5-1FC2BC70F64D}.Debug|Mixed Platforms.ActiveCfg = Debug|x86
		{5F1F9129-FA3E-47A8-99C5-1FC2BC70F64D}.Debug|Mixed Platforms.Build.0 = Debug|x86
		{5F1F9129-FA3E-47A8-99C5-1FC2BC70F64D}.Debug|x64.ActiveCfg = Debug|x86
		{5F1F9129-FA3E-47A8-99C5-1FC2BC70F64D}.Debug|x86.ActiveCfg = Debug|x86
		{5F1F9129-FA3E-47A8-99C5-1FC2BC70F64D}.Debug|x86.Build.0 = Debug|x86
		{5F1F9129-FA3E-47A8-99C5-1FC2BC70F64D}.Release|Any CPU.ActiveCfg = Release|x86
		{5F1F9129-FA3E-47A8-99C5-1FC2BC70F64D}.Release|Mixed Platforms.ActiveCfg = Release|x86
		{5F1F9129-FA3E-47A8-99C5-1FC2BC70F64D}.Release|Mixed Platforms.Build.0 = Release|x86
		{5F1F9129-FA3E-47A8-99C5-1FC2BC70F64D}.Release|x64.ActiveCfg = Release|x86
		{5F1F9129-FA3E-47A8-99C5-1FC2BC70F64D}.Release|x86.ActiveCfg = Release|x86
		{5F1F9129-FA3E-47A8-99C5-1FC2BC70F64D}.Release|x86.Build.0 = Release|x86
	EndGlobalSection
	GlobalSection(SolutionProperties) = preSolution
		HideSolutionNode = FALSE
	EndGlobalSection
EndGlobal
