
Microsoft Visual Studio Solution File, Format Version 12.00
# Visual Studio 14
VisualStudioVersion = 14.0.25420.1
MinimumVisualStudioVersion = 10.0.40219.1
Project("{2150E333-8FDC-42A3-9474-1A3956D46DE8}") = "Solution Items", "Solution Items", "{3C73BC26-5032-48A5-B32E-01639B5A4D5E}"
	ProjectSection(SolutionItems) = preProject
		Documentation\E262-3.doc = Documentation\E262-3.doc
		Documentation\ECMA-262 (ECMAScript 5.1).pdf = Documentation\ECMA-262 (ECMAScript 5.1).pdf
		Documentation\ECMA-262 (ECMAScript 6).pdf = Documentation\ECMA-262 (ECMAScript 6).pdf
		Documentation\ECMA-335 (CLI).pdf = Documentation\ECMA-335 (CLI).pdf
		global.json = global.json
		NuGet\Jurassic.nuspec = NuGet\Jurassic.nuspec
		LICENSE.txt = LICENSE.txt
	EndProjectSection
EndProject
Project("{FAE04EC0-301F-11D3-BF4B-00C04F79EFBC}") = "Performance", "Performance\Performance.csproj", "{C0B52B91-21C0-4669-9B2E-F33838BD7F65}"
EndProject
Project("{FAE04EC0-301F-11D3-BF4B-00C04F79EFBC}") = "Attribute Code Generation", "Attribute Code Generation\Attribute Code Generation.csproj", "{AC0AC175-980A-43F2-B528-BD74214D6ECB}"
EndProject
Project("{8BB2217D-0F2D-49D1-97BC-3654ED321F3B}") = "Jurassic", "Jurassic\Jurassic.xproj", "{12D83CAD-7086-4719-992F-C4962E933E21}"
EndProject
Project("{8BB2217D-0F2D-49D1-97BC-3654ED321F3B}") = "UnitTests", "UnitTests\UnitTests.xproj", "{B0D0F980-2741-4D85-9D82-7F09ED470EB1}"
EndProject
Project("{8BB2217D-0F2D-49D1-97BC-3654ED321F3B}") = "Benchmarker", "Benchmarker\Benchmarker.xproj", "{9D1D7022-9301-4F5F-8D8B-2E99E86B1F6D}"
EndProject
Project("{8BB2217D-0F2D-49D1-97BC-3654ED321F3B}") = "TestSuiteRunner", "TestSuiteRunner\TestSuiteRunner.xproj", "{2EF7140C-2729-49B9-88EF-70DFD04AE40B}"
EndProject
Global
	GlobalSection(SolutionConfigurationPlatforms) = preSolution
		Debug|Any CPU = Debug|Any CPU
		Debug|Mixed Platforms = Debug|Mixed Platforms
		Debug|x64 = Debug|x64
		Debug|x86 = Debug|x86
		Release|Any CPU = Release|Any CPU
		Release|Mixed Platforms = Release|Mixed Platforms
		Release|x64 = Release|x64
		Release|x86 = Release|x86
	EndGlobalSection
	GlobalSection(ProjectConfigurationPlatforms) = postSolution
		{C0B52B91-21C0-4669-9B2E-F33838BD7F65}.Debug|Any CPU.ActiveCfg = Debug|Any CPU
		{C0B52B91-21C0-4669-9B2E-F33838BD7F65}.Debug|Any CPU.Build.0 = Debug|Any CPU
		{C0B52B91-21C0-4669-9B2E-F33838BD7F65}.Debug|Mixed Platforms.ActiveCfg = Debug|Any CPU
		{C0B52B91-21C0-4669-9B2E-F33838BD7F65}.Debug|Mixed Platforms.Build.0 = Debug|Any CPU
		{C0B52B91-21C0-4669-9B2E-F33838BD7F65}.Debug|x64.ActiveCfg = Debug|Any CPU
		{C0B52B91-21C0-4669-9B2E-F33838BD7F65}.Debug|x86.ActiveCfg = Debug|Any CPU
		{C0B52B91-21C0-4669-9B2E-F33838BD7F65}.Release|Any CPU.ActiveCfg = Release|Any CPU
		{C0B52B91-21C0-4669-9B2E-F33838BD7F65}.Release|Any CPU.Build.0 = Release|Any CPU
		{C0B52B91-21C0-4669-9B2E-F33838BD7F65}.Release|Mixed Platforms.ActiveCfg = Release|Any CPU
		{C0B52B91-21C0-4669-9B2E-F33838BD7F65}.Release|Mixed Platforms.Build.0 = Release|Any CPU
		{C0B52B91-21C0-4669-9B2E-F33838BD7F65}.Release|x64.ActiveCfg = Release|Any CPU
		{C0B52B91-21C0-4669-9B2E-F33838BD7F65}.Release|x86.ActiveCfg = Release|Any CPU
		{AC0AC175-980A-43F2-B528-BD74214D6ECB}.Debug|Any CPU.ActiveCfg = Debug|Any CPU
		{AC0AC175-980A-43F2-B528-BD74214D6ECB}.Debug|Any CPU.Build.0 = Debug|Any CPU
		{AC0AC175-980A-43F2-B528-BD74214D6ECB}.Debug|Mixed Platforms.ActiveCfg = Debug|Any CPU
		{AC0AC175-980A-43F2-B528-BD74214D6ECB}.Debug|Mixed Platforms.Build.0 = Debug|Any CPU
		{AC0AC175-980A-43F2-B528-BD74214D6ECB}.Debug|x64.ActiveCfg = Debug|Any CPU
		{AC0AC175-980A-43F2-B528-BD74214D6ECB}.Debug|x64.Build.0 = Debug|Any CPU
		{AC0AC175-980A-43F2-B528-BD74214D6ECB}.Debug|x86.ActiveCfg = Debug|Any CPU
		{AC0AC175-980A-43F2-B528-BD74214D6ECB}.Debug|x86.Build.0 = Debug|Any CPU
		{AC0AC175-980A-43F2-B528-BD74214D6ECB}.Release|Any CPU.ActiveCfg = Release|Any CPU
		{AC0AC175-980A-43F2-B528-BD74214D6ECB}.Release|Any CPU.Build.0 = Release|Any CPU
		{AC0AC175-980A-43F2-B528-BD74214D6ECB}.Release|Mixed Platforms.ActiveCfg = Release|Any CPU
		{AC0AC175-980A-43F2-B528-BD74214D6ECB}.Release|Mixed Platforms.Build.0 = Release|Any CPU
		{AC0AC175-980A-43F2-B528-BD74214D6ECB}.Release|x64.ActiveCfg = Release|Any CPU
		{AC0AC175-980A-43F2-B528-BD74214D6ECB}.Release|x64.Build.0 = Release|Any CPU
		{AC0AC175-980A-43F2-B528-BD74214D6ECB}.Release|x86.ActiveCfg = Release|Any CPU
		{AC0AC175-980A-43F2-B528-BD74214D6ECB}.Release|x86.Build.0 = Release|Any CPU
		{12D83CAD-7086-4719-992F-C4962E933E21}.Debug|Any CPU.ActiveCfg = Debug|Any CPU
		{12D83CAD-7086-4719-992F-C4962E933E21}.Debug|Any CPU.Build.0 = Debug|Any CPU
		{12D83CAD-7086-4719-992F-C4962E933E21}.Debug|Mixed Platforms.ActiveCfg = Debug|Any CPU
		{12D83CAD-7086-4719-992F-C4962E933E21}.Debug|Mixed Platforms.Build.0 = Debug|Any CPU
		{12D83CAD-7086-4719-992F-C4962E933E21}.Debug|x64.ActiveCfg = Debug|Any CPU
		{12D83CAD-7086-4719-992F-C4962E933E21}.Debug|x64.Build.0 = Debug|Any CPU
		{12D83CAD-7086-4719-992F-C4962E933E21}.Debug|x86.ActiveCfg = Debug|Any CPU
		{12D83CAD-7086-4719-992F-C4962E933E21}.Debug|x86.Build.0 = Debug|Any CPU
		{12D83CAD-7086-4719-992F-C4962E933E21}.Release|Any CPU.ActiveCfg = Release|Any CPU
		{12D83CAD-7086-4719-992F-C4962E933E21}.Release|Any CPU.Build.0 = Release|Any CPU
		{12D83CAD-7086-4719-992F-C4962E933E21}.Release|Mixed Platforms.ActiveCfg = Release|Any CPU
		{12D83CAD-7086-4719-992F-C4962E933E21}.Release|Mixed Platforms.Build.0 = Release|Any CPU
		{12D83CAD-7086-4719-992F-C4962E933E21}.Release|x64.ActiveCfg = Release|Any CPU
		{12D83CAD-7086-4719-992F-C4962E933E21}.Release|x64.Build.0 = Release|Any CPU
		{12D83CAD-7086-4719-992F-C4962E933E21}.Release|x86.ActiveCfg = Release|Any CPU
		{12D83CAD-7086-4719-992F-C4962E933E21}.Release|x86.Build.0 = Release|Any CPU
		{B0D0F980-2741-4D85-9D82-7F09ED470EB1}.Debug|Any CPU.ActiveCfg = Debug|Any CPU
		{B0D0F980-2741-4D85-9D82-7F09ED470EB1}.Debug|Any CPU.Build.0 = Debug|Any CPU
		{B0D0F980-2741-4D85-9D82-7F09ED470EB1}.Debug|Mixed Platforms.ActiveCfg = Debug|Any CPU
		{B0D0F980-2741-4D85-9D82-7F09ED470EB1}.Debug|Mixed Platforms.Build.0 = Debug|Any CPU
		{B0D0F980-2741-4D85-9D82-7F09ED470EB1}.Debug|x64.ActiveCfg = Debug|Any CPU
		{B0D0F980-2741-4D85-9D82-7F09ED470EB1}.Debug|x64.Build.0 = Debug|Any CPU
		{B0D0F980-2741-4D85-9D82-7F09ED470EB1}.Debug|x86.ActiveCfg = Debug|Any CPU
		{B0D0F980-2741-4D85-9D82-7F09ED470EB1}.Debug|x86.Build.0 = Debug|Any CPU
		{B0D0F980-2741-4D85-9D82-7F09ED470EB1}.Release|Any CPU.ActiveCfg = Release|Any CPU
		{B0D0F980-2741-4D85-9D82-7F09ED470EB1}.Release|Any CPU.Build.0 = Release|Any CPU
		{B0D0F980-2741-4D85-9D82-7F09ED470EB1}.Release|Mixed Platforms.ActiveCfg = Release|Any CPU
		{B0D0F980-2741-4D85-9D82-7F09ED470EB1}.Release|Mixed Platforms.Build.0 = Release|Any CPU
		{B0D0F980-2741-4D85-9D82-7F09ED470EB1}.Release|x64.ActiveCfg = Release|Any CPU
		{B0D0F980-2741-4D85-9D82-7F09ED470EB1}.Release|x64.Build.0 = Release|Any CPU
		{B0D0F980-2741-4D85-9D82-7F09ED470EB1}.Release|x86.ActiveCfg = Release|Any CPU
		{B0D0F980-2741-4D85-9D82-7F09ED470EB1}.Release|x86.Build.0 = Release|Any CPU
		{9D1D7022-9301-4F5F-8D8B-2E99E86B1F6D}.Debug|Any CPU.ActiveCfg = Debug|Any CPU
		{9D1D7022-9301-4F5F-8D8B-2E99E86B1F6D}.Debug|Any CPU.Build.0 = Debug|Any CPU
		{9D1D7022-9301-4F5F-8D8B-2E99E86B1F6D}.Debug|Mixed Platforms.ActiveCfg = Debug|Any CPU
		{9D1D7022-9301-4F5F-8D8B-2E99E86B1F6D}.Debug|Mixed Platforms.Build.0 = Debug|Any CPU
		{9D1D7022-9301-4F5F-8D8B-2E99E86B1F6D}.Debug|x64.ActiveCfg = Debug|Any CPU
		{9D1D7022-9301-4F5F-8D8B-2E99E86B1F6D}.Debug|x64.Build.0 = Debug|Any CPU
		{9D1D7022-9301-4F5F-8D8B-2E99E86B1F6D}.Debug|x86.ActiveCfg = Debug|Any CPU
		{9D1D7022-9301-4F5F-8D8B-2E99E86B1F6D}.Debug|x86.Build.0 = Debug|Any CPU
		{9D1D7022-9301-4F5F-8D8B-2E99E86B1F6D}.Release|Any CPU.ActiveCfg = Release|Any CPU
		{9D1D7022-9301-4F5F-8D8B-2E99E86B1F6D}.Release|Any CPU.Build.0 = Release|Any CPU
		{9D1D7022-9301-4F5F-8D8B-2E99E86B1F6D}.Release|Mixed Platforms.ActiveCfg = Release|Any CPU
		{9D1D7022-9301-4F5F-8D8B-2E99E86B1F6D}.Release|Mixed Platforms.Build.0 = Release|Any CPU
		{9D1D7022-9301-4F5F-8D8B-2E99E86B1F6D}.Release|x64.ActiveCfg = Release|Any CPU
		{9D1D7022-9301-4F5F-8D8B-2E99E86B1F6D}.Release|x64.Build.0 = Release|Any CPU
		{9D1D7022-9301-4F5F-8D8B-2E99E86B1F6D}.Release|x86.ActiveCfg = Release|Any CPU
		{9D1D7022-9301-4F5F-8D8B-2E99E86B1F6D}.Release|x86.Build.0 = Release|Any CPU
		{2EF7140C-2729-49B9-88EF-70DFD04AE40B}.Debug|Any CPU.ActiveCfg = Debug|Any CPU
		{2EF7140C-2729-49B9-88EF-70DFD04AE40B}.Debug|Any CPU.Build.0 = Debug|Any CPU
		{2EF7140C-2729-49B9-88EF-70DFD04AE40B}.Debug|Mixed Platforms.ActiveCfg = Debug|Any CPU
		{2EF7140C-2729-49B9-88EF-70DFD04AE40B}.Debug|Mixed Platforms.Build.0 = Debug|Any CPU
		{2EF7140C-2729-49B9-88EF-70DFD04AE40B}.Debug|x64.ActiveCfg = Debug|Any CPU
		{2EF7140C-2729-49B9-88EF-70DFD04AE40B}.Debug|x64.Build.0 = Debug|Any CPU
		{2EF7140C-2729-49B9-88EF-70DFD04AE40B}.Debug|x86.ActiveCfg = Debug|Any CPU
		{2EF7140C-2729-49B9-88EF-70DFD04AE40B}.Debug|x86.Build.0 = Debug|Any CPU
		{2EF7140C-2729-49B9-88EF-70DFD04AE40B}.Release|Any CPU.ActiveCfg = Release|Any CPU
		{2EF7140C-2729-49B9-88EF-70DFD04AE40B}.Release|Any CPU.Build.0 = Release|Any CPU
		{2EF7140C-2729-49B9-88EF-70DFD04AE40B}.Release|Mixed Platforms.ActiveCfg = Release|Any CPU
		{2EF7140C-2729-49B9-88EF-70DFD04AE40B}.Release|Mixed Platforms.Build.0 = Release|Any CPU
		{2EF7140C-2729-49B9-88EF-70DFD04AE40B}.Release|x64.ActiveCfg = Release|Any CPU
		{2EF7140C-2729-49B9-88EF-70DFD04AE40B}.Release|x64.Build.0 = Release|Any CPU
		{2EF7140C-2729-49B9-88EF-70DFD04AE40B}.Release|x86.ActiveCfg = Release|Any CPU
		{2EF7140C-2729-49B9-88EF-70DFD04AE40B}.Release|x86.Build.0 = Release|Any CPU
	EndGlobalSection
	GlobalSection(SolutionProperties) = preSolution
		HideSolutionNode = FALSE
	EndGlobalSection
EndGlobal
